
Microsoft Visual Studio Solution File, Format Version 12.00
# Visual Studio Version 17
VisualStudioVersion = 17.14.36414.22 d17.14
MinimumVisualStudioVersion = 10.0.40219.1
Project("{FAE04EC0-301F-11D3-BF4B-00C04F79EFBC}") = "SIS.Tech", "SIS.TechWeb\SIS.Tech.csproj", "{7E661472-9085-4C7C-B258-75C65D3E5C19}"
EndProject
Project("{2150E333-8FDC-42A3-9474-1A3956D46DE8}") = "Presentation", "Presentation", "{02EA681E-C7D8-13C7-8484-4AC65E1B71E8}"
EndProject
Project("{2150E333-8FDC-42A3-9474-1A3956D46DE8}") = "Application", "Application", "{3E6D0624-0AC0-481C-BA95-26EA7EA7B812}"
EndProject
Project("{2150E333-8FDC-42A3-9474-1A3956D46DE8}") = "Interfaces", "Interfaces", "{17F41432-7792-4442-BF98-1A02EF008C4E}"
EndProject
Project("{2150E333-8FDC-42A3-9474-1A3956D46DE8}") = "Services", "Services", "{232B7C9C-E8CA-4925-8613-093E8D319317}"
EndProject
Project("{2150E333-8FDC-42A3-9474-1A3956D46DE8}") = "Interfaces", "Interfaces", "{FB352ECA-8BB8-4F0A-BA6B-8A0F311E8ECE}"
EndProject
Project("{2150E333-8FDC-42A3-9474-1A3956D46DE8}") = "Persistence", "Persistence", "{17658F76-FDDD-4E83-B068-9B6EB9596594}"
EndProject
Project("{2150E333-8FDC-42A3-9474-1A3956D46DE8}") = "Interfaces", "Interfaces", "{90B8016E-87AB-489B-A4F7-E4169AF25449}"
EndProject
Project("{2150E333-8FDC-42A3-9474-1A3956D46DE8}") = "Infrastructure", "Infrastructure", "{CD40009F-47CF-4A5F-B9EF-57B14003F950}"
EndProject
Project("{2150E333-8FDC-42A3-9474-1A3956D46DE8}") = "Ioc", "Ioc", "{42F6DBA7-D832-4B8B-9DED-17A2C2A36B58}"
EndProject
Project("{2150E333-8FDC-42A3-9474-1A3956D46DE8}") = "Util", "Util", "{8957A8B6-1EDA-4AD2-A9BB-2DEDF984EDA8}"
EndProject
Project("{2150E333-8FDC-42A3-9474-1A3956D46DE8}") = "Domain", "Domain", "{332B6BB0-975F-464E-992C-3C2D6379AED6}"
EndProject
Project("{2150E333-8FDC-42A3-9474-1A3956D46DE8}") = "Interfaces", "Interfaces", "{D4A9D718-3517-498C-BFB8-FD517387E476}"
EndProject
Project("{FAE04EC0-301F-11D3-BF4B-00C04F79EFBC}") = "SIS.Tech.IServices", "SIS.Tech.IServices\SIS.Tech.IServices.csproj", "{5BB82529-CD55-3DCB-7BB1-8775BD33D80D}"
EndProject
Project("{FAE04EC0-301F-11D3-BF4B-00C04F79EFBC}") = "SIS.Tech.Services", "SIS.Tech.Services\SIS.Tech.Services.csproj", "{64B05CB0-0D96-4CB4-DF23-3579D4C4018A}"
EndProject
Project("{FAE04EC0-301F-11D3-BF4B-00C04F79EFBC}") = "SIS.Tech.IApp", "SIS.Tech.IApp\SIS.Tech.IApp.csproj", "{1DB5CF4B-FE70-FCF5-323D-89BF7E762E6F}"
EndProject
Project("{FAE04EC0-301F-11D3-BF4B-00C04F79EFBC}") = "SIS.Tech.App", "SIS.Tech.App\SIS.Tech.App.csproj", "{46B209AC-D9D9-6D67-260C-A721283C0AB4}"
EndProject
Project("{FAE04EC0-301F-11D3-BF4B-00C04F79EFBC}") = "SIS.Tech.IRepository", "SIS.Tech.IRepository\SIS.Tech.IRepository.csproj", "{92C8B45C-800C-66DD-667C-3E222B2B43D7}"
EndProject
Project("{FAE04EC0-301F-11D3-BF4B-00C04F79EFBC}") = "SIS.Tech.Repository", "SIS.Tech.Repository\SIS.Tech.Repository.csproj", "{69119E24-A82B-90B9-B305-568AA3D063DC}"
EndProject
Project("{FAE04EC0-301F-11D3-BF4B-00C04F79EFBC}") = "SIS.Tech.Util", "SIS.Tech.Util\SIS.Tech.Util.csproj", "{28417080-A21B-9833-D53A-ED8DD4EA6103}"
EndProject
Project("{FAE04EC0-301F-11D3-BF4B-00C04F79EFBC}") = "SIS.Tech.Ioc", "SIS.Tech.Ioc\SIS.Tech.Ioc.csproj", "{09E70E37-8E15-8D7E-A86A-53000AD70649}"
EndProject
Project("{FAE04EC0-301F-11D3-BF4B-00C04F79EFBC}") = "SIS.Tech.IDomain", "SIS.Tech.IDomain\SIS.Tech.IDomain.csproj", "{445C8743-A553-9781-8AB2-14C0201BF5C4}"
EndProject
Project("{FAE04EC0-301F-11D3-BF4B-00C04F79EFBC}") = "SIS.Tech.Domain", "SIS.Tech.Domain\SIS.Tech.Domain.csproj", "{86A799FE-65D6-F0F5-B64C-2BBB812391F6}"
EndProject
Project("{FAE04EC0-301F-11D3-BF4B-00C04F79EFBC}") = "SIS.Tech.Domain.Model", "SIS.Tech.Domain.Model\SIS.Tech.Domain.Model.csproj", "{5993AC7D-D706-FC28-4313-33235124710F}"
EndProject
Global
	GlobalSection(SolutionConfigurationPlatforms) = preSolution
		Debug|Any CPU = Debug|Any CPU
		Release|Any CPU = Release|Any CPU
	EndGlobalSection
	GlobalSection(ProjectConfigurationPlatforms) = postSolution
		{7E661472-9085-4C7C-B258-75C65D3E5C19}.Debug|Any CPU.ActiveCfg = Debug|Any CPU
		{7E661472-9085-4C7C-B258-75C65D3E5C19}.Debug|Any CPU.Build.0 = Debug|Any CPU
		{7E661472-9085-4C7C-B258-75C65D3E5C19}.Release|Any CPU.ActiveCfg = Release|Any CPU
		{7E661472-9085-4C7C-B258-75C65D3E5C19}.Release|Any CPU.Build.0 = Release|Any CPU
		{5BB82529-CD55-3DCB-7BB1-8775BD33D80D}.Debug|Any CPU.ActiveCfg = Debug|Any CPU
		{5BB82529-CD55-3DCB-7BB1-8775BD33D80D}.Debug|Any CPU.Build.0 = Debug|Any CPU
		{5BB82529-CD55-3DCB-7BB1-8775BD33D80D}.Release|Any CPU.ActiveCfg = Release|Any CPU
		{5BB82529-CD55-3DCB-7BB1-8775BD33D80D}.Release|Any CPU.Build.0 = Release|Any CPU
		{64B05CB0-0D96-4CB4-DF23-3579D4C4018A}.Debug|Any CPU.ActiveCfg = Debug|Any CPU
		{64B05CB0-0D96-4CB4-DF23-3579D4C4018A}.Debug|Any CPU.Build.0 = Debug|Any CPU
		{64B05CB0-0D96-4CB4-DF23-3579D4C4018A}.Release|Any CPU.ActiveCfg = Release|Any CPU
		{64B05CB0-0D96-4CB4-DF23-3579D4C4018A}.Release|Any CPU.Build.0 = Release|Any CPU
		{1DB5CF4B-FE70-FCF5-323D-89BF7E762E6F}.Debug|Any CPU.ActiveCfg = Debug|Any CPU
		{1DB5CF4B-FE70-FCF5-323D-89BF7E762E6F}.Debug|Any CPU.Build.0 = Debug|Any CPU
		{1DB5CF4B-FE70-FCF5-323D-89BF7E762E6F}.Release|Any CPU.ActiveCfg = Release|Any CPU
		{1DB5CF4B-FE70-FCF5-323D-89BF7E762E6F}.Release|Any CPU.Build.0 = Release|Any CPU
		{46B209AC-D9D9-6D67-260C-A721283C0AB4}.Debug|Any CPU.ActiveCfg = Debug|Any CPU
		{46B209AC-D9D9-6D67-260C-A721283C0AB4}.Debug|Any CPU.Build.0 = Debug|Any CPU
		{46B209AC-D9D9-6D67-260C-A721283C0AB4}.Release|Any CPU.ActiveCfg = Release|Any CPU
		{46B209AC-D9D9-6D67-260C-A721283C0AB4}.Release|Any CPU.Build.0 = Release|Any CPU
		{92C8B45C-800C-66DD-667C-3E222B2B43D7}.Debug|Any CPU.ActiveCfg = Debug|Any CPU
		{92C8B45C-800C-66DD-667C-3E222B2B43D7}.Debug|Any CPU.Build.0 = Debug|Any CPU
		{92C8B45C-800C-66DD-667C-3E222B2B43D7}.Release|Any CPU.ActiveCfg = Release|Any CPU
		{92C8B45C-800C-66DD-667C-3E222B2B43D7}.Release|Any CPU.Build.0 = Release|Any CPU
		{69119E24-A82B-90B9-B305-568AA3D063DC}.Debug|Any CPU.ActiveCfg = Debug|Any CPU
		{69119E24-A82B-90B9-B305-568AA3D063DC}.Debug|Any CPU.Build.0 = Debug|Any CPU
		{69119E24-A82B-90B9-B305-568AA3D063DC}.Release|Any CPU.ActiveCfg = Release|Any CPU
		{69119E24-A82B-90B9-B305-568AA3D063DC}.Release|Any CPU.Build.0 = Release|Any CPU
		{28417080-A21B-9833-D53A-ED8DD4EA6103}.Debug|Any CPU.ActiveCfg = Debug|Any CPU
		{28417080-A21B-9833-D53A-ED8DD4EA6103}.Debug|Any CPU.Build.0 = Debug|Any CPU
		{28417080-A21B-9833-D53A-ED8DD4EA6103}.Release|Any CPU.ActiveCfg = Release|Any CPU
		{28417080-A21B-9833-D53A-ED8DD4EA6103}.Release|Any CPU.Build.0 = Release|Any CPU
		{09E70E37-8E15-8D7E-A86A-53000AD70649}.Debug|Any CPU.ActiveCfg = Debug|Any CPU
		{09E70E37-8E15-8D7E-A86A-53000AD70649}.Debug|Any CPU.Build.0 = Debug|Any CPU
		{09E70E37-8E15-8D7E-A86A-53000AD70649}.Release|Any CPU.ActiveCfg = Release|Any CPU
		{09E70E37-8E15-8D7E-A86A-53000AD70649}.Release|Any CPU.Build.0 = Release|Any CPU
		{445C8743-A553-9781-8AB2-14C0201BF5C4}.Debug|Any CPU.ActiveCfg = Debug|Any CPU
		{445C8743-A553-9781-8AB2-14C0201BF5C4}.Debug|Any CPU.Build.0 = Debug|Any CPU
		{445C8743-A553-9781-8AB2-14C0201BF5C4}.Release|Any CPU.ActiveCfg = Release|Any CPU
		{445C8743-A553-9781-8AB2-14C0201BF5C4}.Release|Any CPU.Build.0 = Release|Any CPU
		{86A799FE-65D6-F0F5-B64C-2BBB812391F6}.Debug|Any CPU.ActiveCfg = Debug|Any CPU
		{86A799FE-65D6-F0F5-B64C-2BBB812391F6}.Debug|Any CPU.Build.0 = Debug|Any CPU
		{86A799FE-65D6-F0F5-B64C-2BBB812391F6}.Release|Any CPU.ActiveCfg = Release|Any CPU
		{86A799FE-65D6-F0F5-B64C-2BBB812391F6}.Release|Any CPU.Build.0 = Release|Any CPU
		{5993AC7D-D706-FC28-4313-33235124710F}.Debug|Any CPU.ActiveCfg = Debug|Any CPU
		{5993AC7D-D706-FC28-4313-33235124710F}.Debug|Any CPU.Build.0 = Debug|Any CPU
		{5993AC7D-D706-FC28-4313-33235124710F}.Release|Any CPU.ActiveCfg = Release|Any CPU
		{5993AC7D-D706-FC28-4313-33235124710F}.Release|Any CPU.Build.0 = Release|Any CPU
	EndGlobalSection
	GlobalSection(SolutionProperties) = preSolution
		HideSolutionNode = FALSE
	EndGlobalSection
	GlobalSection(NestedProjects) = preSolution
		{7E661472-9085-4C7C-B258-75C65D3E5C19} = {02EA681E-C7D8-13C7-8484-4AC65E1B71E8}
		{3E6D0624-0AC0-481C-BA95-26EA7EA7B812} = {02EA681E-C7D8-13C7-8484-4AC65E1B71E8}
		{17F41432-7792-4442-BF98-1A02EF008C4E} = {3E6D0624-0AC0-481C-BA95-26EA7EA7B812}
		{FB352ECA-8BB8-4F0A-BA6B-8A0F311E8ECE} = {232B7C9C-E8CA-4925-8613-093E8D319317}
		{90B8016E-87AB-489B-A4F7-E4169AF25449} = {17658F76-FDDD-4E83-B068-9B6EB9596594}
		{42F6DBA7-D832-4B8B-9DED-17A2C2A36B58} = {CD40009F-47CF-4A5F-B9EF-57B14003F950}
		{8957A8B6-1EDA-4AD2-A9BB-2DEDF984EDA8} = {CD40009F-47CF-4A5F-B9EF-57B14003F950}
		{D4A9D718-3517-498C-BFB8-FD517387E476} = {332B6BB0-975F-464E-992C-3C2D6379AED6}
		{5BB82529-CD55-3DCB-7BB1-8775BD33D80D} = {FB352ECA-8BB8-4F0A-BA6B-8A0F311E8ECE}
		{64B05CB0-0D96-4CB4-DF23-3579D4C4018A} = {232B7C9C-E8CA-4925-8613-093E8D319317}
		{1DB5CF4B-FE70-FCF5-323D-89BF7E762E6F} = {17F41432-7792-4442-BF98-1A02EF008C4E}
		{46B209AC-D9D9-6D67-260C-A721283C0AB4} = {3E6D0624-0AC0-481C-BA95-26EA7EA7B812}
		{92C8B45C-800C-66DD-667C-3E222B2B43D7} = {90B8016E-87AB-489B-A4F7-E4169AF25449}
		{69119E24-A82B-90B9-B305-568AA3D063DC} = {17658F76-FDDD-4E83-B068-9B6EB9596594}
		{28417080-A21B-9833-D53A-ED8DD4EA6103} = {8957A8B6-1EDA-4AD2-A9BB-2DEDF984EDA8}
		{09E70E37-8E15-8D7E-A86A-53000AD70649} = {42F6DBA7-D832-4B8B-9DED-17A2C2A36B58}
		{445C8743-A553-9781-8AB2-14C0201BF5C4} = {D4A9D718-3517-498C-BFB8-FD517387E476}
		{86A799FE-65D6-F0F5-B64C-2BBB812391F6} = {332B6BB0-975F-464E-992C-3C2D6379AED6}
		{5993AC7D-D706-FC28-4313-33235124710F} = {332B6BB0-975F-464E-992C-3C2D6379AED6}
	EndGlobalSection
	GlobalSection(ExtensibilityGlobals) = postSolution
		SolutionGuid = {78FF6EB5-5DBD-4447-B221-7841A5A80D66}
	EndGlobalSection
EndGlobal
